
Microsoft Visual Studio Solution File, Format Version 12.00
# Visual Studio Version 16
VisualStudioVersion = 16.0.31321.278
MinimumVisualStudioVersion = 10.0.40219.1
Project("{FAE04EC0-301F-11D3-BF4B-00C04F79EFBC}") = "DailyReport", "DailyReport\DailyReport.csproj", "{DBCAEA14-2726-4E81-93F5-866290ACD59C}"
EndProject
Global
	GlobalSection(SolutionConfigurationPlatforms) = preSolution
		Debug|Any CPU = Debug|Any CPU
		Release|Any CPU = Release|Any CPU
	EndGlobalSection
	GlobalSection(ProjectConfigurationPlatforms) = postSolution
		{DBCAEA14-2726-4E81-93F5-866290ACD59C}.Debug|Any CPU.ActiveCfg = Debug|Any CPU
		{DBCAEA14-2726-4E81-93F5-866290ACD59C}.Debug|Any CPU.Build.0 = Debug|Any CPU
		{DBCAEA14-2726-4E81-93F5-866290ACD59C}.Release|Any CPU.ActiveCfg = Release|Any CPU
		{DBCAEA14-2726-4E81-93F5-866290ACD59C}.Release|Any CPU.Build.0 = Release|Any CPU
	EndGlobalSection
	GlobalSection(SolutionProperties) = preSolution
		HideSolutionNode = FALSE
	EndGlobalSection
	GlobalSection(ExtensibilityGlobals) = postSolution
		SolutionGuid = {3770A6DF-848B-4932-97C0-8BD5F4889F4B}
	EndGlobalSection
EndGlobal
