
Microsoft Visual Studio Solution File, Format Version 12.00
# Visual Studio Version 16
VisualStudioVersion = 16.0.31321.278
MinimumVisualStudioVersion = 10.0.40219.1
Project("{FAE04EC0-301F-11D3-BF4B-00C04F79EFBC}") = "MathAndComparison", "MathAndComparison\MathAndComparison.csproj", "{C5FCBB91-B7CD-4CDC-B6A5-C17C4D015E28}"
EndProject
Global
	GlobalSection(SolutionConfigurationPlatforms) = preSolution
		Debug|Any CPU = Debug|Any CPU
		Release|Any CPU = Release|Any CPU
	EndGlobalSection
	GlobalSection(ProjectConfigurationPlatforms) = postSolution
		{C5FCBB91-B7CD-4CDC-B6A5-C17C4D015E28}.Debug|Any CPU.ActiveCfg = Debug|Any CPU
		{C5FCBB91-B7CD-4CDC-B6A5-C17C4D015E28}.Debug|Any CPU.Build.0 = Debug|Any CPU
		{C5FCBB91-B7CD-4CDC-B6A5-C17C4D015E28}.Release|Any CPU.ActiveCfg = Release|Any CPU
		{C5FCBB91-B7CD-4CDC-B6A5-C17C4D015E28}.Release|Any CPU.Build.0 = Release|Any CPU
	EndGlobalSection
	GlobalSection(SolutionProperties) = preSolution
		HideSolutionNode = FALSE
	EndGlobalSection
	GlobalSection(ExtensibilityGlobals) = postSolution
		SolutionGuid = {428C642A-CB66-42BC-BA94-60C96D5D9BC0}
	EndGlobalSection
EndGlobal
