
Microsoft Visual Studio Solution File, Format Version 12.00
# Visual Studio Version 16
VisualStudioVersion = 16.0.31321.278
MinimumVisualStudioVersion = 10.0.40219.1
Project("{FAE04EC0-301F-11D3-BF4B-00C04F79EFBC}") = "BasicApp", "BasicApp\BasicApp.csproj", "{0E2FBA0A-2C5A-4564-BE5C-CF38DC2D3B3A}"
EndProject
Global
	GlobalSection(SolutionConfigurationPlatforms) = preSolution
		Debug|Any CPU = Debug|Any CPU
		Release|Any CPU = Release|Any CPU
	EndGlobalSection
	GlobalSection(ProjectConfigurationPlatforms) = postSolution
		{0E2FBA0A-2C5A-4564-BE5C-CF38DC2D3B3A}.Debug|Any CPU.ActiveCfg = Debug|Any CPU
		{0E2FBA0A-2C5A-4564-BE5C-CF38DC2D3B3A}.Debug|Any CPU.Build.0 = Debug|Any CPU
		{0E2FBA0A-2C5A-4564-BE5C-CF38DC2D3B3A}.Release|Any CPU.ActiveCfg = Release|Any CPU
		{0E2FBA0A-2C5A-4564-BE5C-CF38DC2D3B3A}.Release|Any CPU.Build.0 = Release|Any CPU
	EndGlobalSection
	GlobalSection(SolutionProperties) = preSolution
		HideSolutionNode = FALSE
	EndGlobalSection
	GlobalSection(ExtensibilityGlobals) = postSolution
		SolutionGuid = {092A095A-95E5-49E9-BBC2-1D8BDBD05036}
	EndGlobalSection
EndGlobal
