
Microsoft Visual Studio Solution File, Format Version 12.00
# Visual Studio Version 16
VisualStudioVersion = 16.0.31321.278
MinimumVisualStudioVersion = 10.0.40219.1
Project("{FAE04EC0-301F-11D3-BF4B-00C04F79EFBC}") = "ExceptionHandling", "ExceptionHandling\ExceptionHandling.csproj", "{2F8E0BCC-3EC8-4F42-B668-037E2DEAC337}"
EndProject
Global
	GlobalSection(SolutionConfigurationPlatforms) = preSolution
		Debug|Any CPU = Debug|Any CPU
		Release|Any CPU = Release|Any CPU
	EndGlobalSection
	GlobalSection(ProjectConfigurationPlatforms) = postSolution
		{2F8E0BCC-3EC8-4F42-B668-037E2DEAC337}.Debug|Any CPU.ActiveCfg = Debug|Any CPU
		{2F8E0BCC-3EC8-4F42-B668-037E2DEAC337}.Debug|Any CPU.Build.0 = Debug|Any CPU
		{2F8E0BCC-3EC8-4F42-B668-037E2DEAC337}.Release|Any CPU.ActiveCfg = Release|Any CPU
		{2F8E0BCC-3EC8-4F42-B668-037E2DEAC337}.Release|Any CPU.Build.0 = Release|Any CPU
	EndGlobalSection
	GlobalSection(SolutionProperties) = preSolution
		HideSolutionNode = FALSE
	EndGlobalSection
	GlobalSection(ExtensibilityGlobals) = postSolution
		SolutionGuid = {0F7A6E89-46BC-487A-A06B-B18689B0E8CD}
	EndGlobalSection
EndGlobal
